
Microsoft Visual Studio Solution File, Format Version 12.00
# Visual Studio Version 16
VisualStudioVersion = 16.0.30204.135
MinimumVisualStudioVersion = 10.0.40219.1
Project("{FAE04EC0-301F-11D3-BF4B-00C04F79EFBC}") = "Flower", "Flower\Flower.csproj", "{8AF76A9A-0754-4110-A8F3-4B25CAF941AB}"
EndProject
Global
	GlobalSection(SolutionConfigurationPlatforms) = preSolution
		Debug|Any CPU = Debug|Any CPU
		Release|Any CPU = Release|Any CPU
	EndGlobalSection
	GlobalSection(ProjectConfigurationPlatforms) = postSolution
		{8AF76A9A-0754-4110-A8F3-4B25CAF941AB}.Debug|Any CPU.ActiveCfg = Debug|Any CPU
		{8AF76A9A-0754-4110-A8F3-4B25CAF941AB}.Debug|Any CPU.Build.0 = Debug|Any CPU
		{8AF76A9A-0754-4110-A8F3-4B25CAF941AB}.Release|Any CPU.ActiveCfg = Release|Any CPU
		{8AF76A9A-0754-4110-A8F3-4B25CAF941AB}.Release|Any CPU.Build.0 = Release|Any CPU
	EndGlobalSection
	GlobalSection(SolutionProperties) = preSolution
		HideSolutionNode = FALSE
	EndGlobalSection
	GlobalSection(ExtensibilityGlobals) = postSolution
		SolutionGuid = {6ADC185F-62CB-4DD0-A3D6-251E2B23295B}
	EndGlobalSection
EndGlobal
